
Microsoft Visual Studio Solution File, Format Version 11.00
# Visual Studio 2010
Project("{FAE04EC0-301F-11D3-BF4B-00C04F79EFBC}") = "Assembly-CSharp-firstpass", "Assembly-CSharp-firstpass.csproj", "{32BD0583-5A68-7D09-7F60-4151F7FEA8BF}"
EndProject
Project("{FAE04EC0-301F-11D3-BF4B-00C04F79EFBC}") = "Assembly-CSharp", "Assembly-CSharp.csproj", "{43805E69-125A-AB17-EA68-45FAAB979120}"
EndProject
Project("{FAE04EC0-301F-11D3-BF4B-00C04F79EFBC}") = "Assembly-CSharp-Editor", "Assembly-CSharp-Editor.csproj", "{6E5C7258-0F28-E3E1-EA4D-F7EBE0FDAD10}"
EndProject
Project("{FAE04EC0-301F-11D3-BF4B-00C04F79EFBC}") = "Assembly-CSharp-Editor-firstpass", "Assembly-CSharp-Editor-firstpass.csproj", "{2DC69C1B-3F2B-BFDD-8BEA-26B76E8B5D85}"
EndProject
Global
	GlobalSection(SolutionConfigurationPlatforms) = preSolution
		Debug|Any CPU = Debug|Any CPU
		Release|Any CPU = Release|Any CPU
	EndGlobalSection
	GlobalSection(ProjectConfigurationPlatforms) = postSolution
		{32BD0583-5A68-7D09-7F60-4151F7FEA8BF}.Debug|Any CPU.ActiveCfg = Debug|Any CPU
		{32BD0583-5A68-7D09-7F60-4151F7FEA8BF}.Debug|Any CPU.Build.0 = Debug|Any CPU
		{32BD0583-5A68-7D09-7F60-4151F7FEA8BF}.Release|Any CPU.ActiveCfg = Release|Any CPU
		{32BD0583-5A68-7D09-7F60-4151F7FEA8BF}.Release|Any CPU.Build.0 = Release|Any CPU
		{43805E69-125A-AB17-EA68-45FAAB979120}.Debug|Any CPU.ActiveCfg = Debug|Any CPU
		{43805E69-125A-AB17-EA68-45FAAB979120}.Debug|Any CPU.Build.0 = Debug|Any CPU
		{43805E69-125A-AB17-EA68-45FAAB979120}.Release|Any CPU.ActiveCfg = Release|Any CPU
		{43805E69-125A-AB17-EA68-45FAAB979120}.Release|Any CPU.Build.0 = Release|Any CPU
		{6E5C7258-0F28-E3E1-EA4D-F7EBE0FDAD10}.Debug|Any CPU.ActiveCfg = Debug|Any CPU
		{6E5C7258-0F28-E3E1-EA4D-F7EBE0FDAD10}.Debug|Any CPU.Build.0 = Debug|Any CPU
		{6E5C7258-0F28-E3E1-EA4D-F7EBE0FDAD10}.Release|Any CPU.ActiveCfg = Release|Any CPU
		{6E5C7258-0F28-E3E1-EA4D-F7EBE0FDAD10}.Release|Any CPU.Build.0 = Release|Any CPU
		{2DC69C1B-3F2B-BFDD-8BEA-26B76E8B5D85}.Debug|Any CPU.ActiveCfg = Debug|Any CPU
		{2DC69C1B-3F2B-BFDD-8BEA-26B76E8B5D85}.Debug|Any CPU.Build.0 = Debug|Any CPU
		{2DC69C1B-3F2B-BFDD-8BEA-26B76E8B5D85}.Release|Any CPU.ActiveCfg = Release|Any CPU
		{2DC69C1B-3F2B-BFDD-8BEA-26B76E8B5D85}.Release|Any CPU.Build.0 = Release|Any CPU
	EndGlobalSection
	GlobalSection(SolutionProperties) = preSolution
		HideSolutionNode = FALSE
	EndGlobalSection
	GlobalSection(MonoDevelopProperties) = preSolution
		StartupItem = Assembly-CSharp.csproj
	EndGlobalSection
EndGlobal
